// !$*UTF8*$!
{
	archiveVersion = 1;
	classes = {
	};
	objectVersion = 50;
	objects = {

/* Begin PBXBuildFile section */
		2337628B219320000066A007 /* protein.png in Resources */ = {isa = PBXBuildFile; fileRef = 2337628A219320000066A007 /* protein.png */; };
		23B0CA21219060CD005B3843 /* LoginViewController.swift in Sources */ = {isa = PBXBuildFile; fileRef = 23B0CA20219060CD005B3843 /* LoginViewController.swift */; };
		73B85C6D86B863D501919A38 /* Pods_Swifty_Proteins.framework in Frameworks */ = {isa = PBXBuildFile; fileRef = ADC0548B34D58467157B717D /* Pods_Swifty_Proteins.framework */; };
		C7052E02218C3D8400E4B0BB /* SceneViewController.swift in Sources */ = {isa = PBXBuildFile; fileRef = C7052E01218C3D8400E4B0BB /* SceneViewController.swift */; };
		C7052E2A218C4EEA00E4B0BB /* StubData.swift in Sources */ = {isa = PBXBuildFile; fileRef = C7052E29218C4EEA00E4B0BB /* StubData.swift */; };
		C7052E2C218C86D600E4B0BB /* Colors.swift in Sources */ = {isa = PBXBuildFile; fileRef = C7052E2B218C86D600E4B0BB /* Colors.swift */; };
		C70F4A8D2189D31800B1A586 /* Atom.swift in Sources */ = {isa = PBXBuildFile; fileRef = C70F4A8C2189D31800B1A586 /* Atom.swift */; };
		C76B3BBB218AF6A2002E43E0 /* ProteinDataBankAPI.swift in Sources */ = {isa = PBXBuildFile; fileRef = C76B3BBA218AF6A2002E43E0 /* ProteinDataBankAPI.swift */; };
		C76B3BBD218B0927002E43E0 /* Connect.swift in Sources */ = {isa = PBXBuildFile; fileRef = C76B3BBC218B0927002E43E0 /* Connect.swift */; };
		C76B3BBF218B0AA2002E43E0 /* Ligand.swift in Sources */ = {isa = PBXBuildFile; fileRef = C76B3BBE218B0AA2002E43E0 /* Ligand.swift */; };
		C7BCE835218983E90058D67C /* AppDelegate.swift in Sources */ = {isa = PBXBuildFile; fileRef = C7BCE834218983E90058D67C /* AppDelegate.swift */; };
		C7BCE83A218983E90058D67C /* Main.storyboard in Resources */ = {isa = PBXBuildFile; fileRef = C7BCE838218983E90058D67C /* Main.storyboard */; };
		C7BCE83C218983EA0058D67C /* Assets.xcassets in Resources */ = {isa = PBXBuildFile; fileRef = C7BCE83B218983EA0058D67C /* Assets.xcassets */; };
		C7BCE83F218983EA0058D67C /* LaunchScreen.storyboard in Resources */ = {isa = PBXBuildFile; fileRef = C7BCE83D218983EA0058D67C /* LaunchScreen.storyboard */; };
		C7C922A3219028B00064AFCC /* ProteinTableViewController.swift in Sources */ = {isa = PBXBuildFile; fileRef = C7C922A2219028B00064AFCC /* ProteinTableViewController.swift */; };
		C7C922A7219029F70064AFCC /* LigandList.swift in Sources */ = {isa = PBXBuildFile; fileRef = C7C922A6219029F70064AFCC /* LigandList.swift */; };
		C7C922AD21903AB10064AFCC /* ligands.txt in Resources */ = {isa = PBXBuildFile; fileRef = C7C922AC21903AB10064AFCC /* ligands.txt */; };
		CDB3395F2191A69300EF7645 /* AtomsNames.swift in Sources */ = {isa = PBXBuildFile; fileRef = CDB3395E2191A69300EF7645 /* AtomsNames.swift */; };
/* End PBXBuildFile section */

/* Begin PBXFileReference section */
		2337628A219320000066A007 /* protein.png */ = {isa = PBXFileReference; lastKnownFileType = image.png; path = protein.png; sourceTree = "<group>"; };
		23B0CA20219060CD005B3843 /* LoginViewController.swift */ = {isa = PBXFileReference; lastKnownFileType = sourcecode.swift; path = LoginViewController.swift; sourceTree = "<group>"; };
		3EBFA4755F55087B2B2A4340 /* Pods-Swifty-Proteins.release.xcconfig */ = {isa = PBXFileReference; includeInIndex = 1; lastKnownFileType = text.xcconfig; name = "Pods-Swifty-Proteins.release.xcconfig"; path = "Pods/Target Support Files/Pods-Swifty-Proteins/Pods-Swifty-Proteins.release.xcconfig"; sourceTree = "<group>"; };
		86DFD71DAD506A258932AD9C /* Pods-Swifty-Proteins.debug.xcconfig */ = {isa = PBXFileReference; includeInIndex = 1; lastKnownFileType = text.xcconfig; name = "Pods-Swifty-Proteins.debug.xcconfig"; path = "Pods/Target Support Files/Pods-Swifty-Proteins/Pods-Swifty-Proteins.debug.xcconfig"; sourceTree = "<group>"; };
		ADC0548B34D58467157B717D /* Pods_Swifty_Proteins.framework */ = {isa = PBXFileReference; explicitFileType = wrapper.framework; includeInIndex = 0; path = Pods_Swifty_Proteins.framework; sourceTree = BUILT_PRODUCTS_DIR; };
		C7052E01218C3D8400E4B0BB /* SceneViewController.swift */ = {isa = PBXFileReference; lastKnownFileType = sourcecode.swift; path = SceneViewController.swift; sourceTree = "<group>"; };
		C7052E29218C4EEA00E4B0BB /* StubData.swift */ = {isa = PBXFileReference; lastKnownFileType = sourcecode.swift; path = StubData.swift; sourceTree = "<group>"; };
		C7052E2B218C86D600E4B0BB /* Colors.swift */ = {isa = PBXFileReference; lastKnownFileType = sourcecode.swift; path = Colors.swift; sourceTree = "<group>"; };
		C70F4A8C2189D31800B1A586 /* Atom.swift */ = {isa = PBXFileReference; lastKnownFileType = sourcecode.swift; path = Atom.swift; sourceTree = "<group>"; };
		C76B3BBA218AF6A2002E43E0 /* ProteinDataBankAPI.swift */ = {isa = PBXFileReference; lastKnownFileType = sourcecode.swift; path = ProteinDataBankAPI.swift; sourceTree = "<group>"; };
		C76B3BBC218B0927002E43E0 /* Connect.swift */ = {isa = PBXFileReference; lastKnownFileType = sourcecode.swift; path = Connect.swift; sourceTree = "<group>"; };
		C76B3BBE218B0AA2002E43E0 /* Ligand.swift */ = {isa = PBXFileReference; lastKnownFileType = sourcecode.swift; path = Ligand.swift; sourceTree = "<group>"; };
		C7BCE831218983E90058D67C /* Swifty-Proteins.app */ = {isa = PBXFileReference; explicitFileType = wrapper.application; includeInIndex = 0; path = "Swifty-Proteins.app"; sourceTree = BUILT_PRODUCTS_DIR; };
		C7BCE834218983E90058D67C /* AppDelegate.swift */ = {isa = PBXFileReference; lastKnownFileType = sourcecode.swift; path = AppDelegate.swift; sourceTree = "<group>"; };
		C7BCE839218983E90058D67C /* Base */ = {isa = PBXFileReference; lastKnownFileType = file.storyboard; name = Base; path = Base.lproj/Main.storyboard; sourceTree = "<group>"; };
		C7BCE83B218983EA0058D67C /* Assets.xcassets */ = {isa = PBXFileReference; lastKnownFileType = folder.assetcatalog; path = Assets.xcassets; sourceTree = "<group>"; };
		C7BCE83E218983EA0058D67C /* Base */ = {isa = PBXFileReference; lastKnownFileType = file.storyboard; name = Base; path = Base.lproj/LaunchScreen.storyboard; sourceTree = "<group>"; };
		C7BCE840218983EA0058D67C /* Info.plist */ = {isa = PBXFileReference; lastKnownFileType = text.plist.xml; path = Info.plist; sourceTree = "<group>"; };
		C7C922A2219028B00064AFCC /* ProteinTableViewController.swift */ = {isa = PBXFileReference; lastKnownFileType = sourcecode.swift; path = ProteinTableViewController.swift; sourceTree = "<group>"; };
		C7C922A6219029F70064AFCC /* LigandList.swift */ = {isa = PBXFileReference; lastKnownFileType = sourcecode.swift; path = LigandList.swift; sourceTree = "<group>"; };
		C7C922AC21903AB10064AFCC /* ligands.txt */ = {isa = PBXFileReference; fileEncoding = 4; lastKnownFileType = text; path = ligands.txt; sourceTree = SOURCE_ROOT; };
		CDB3395E2191A69300EF7645 /* AtomsNames.swift */ = {isa = PBXFileReference; lastKnownFileType = sourcecode.swift; path = AtomsNames.swift; sourceTree = "<group>"; };
/* End PBXFileReference section */

/* Begin PBXFrameworksBuildPhase section */
		C7BCE82E218983E90058D67C /* Frameworks */ = {
			isa = PBXFrameworksBuildPhase;
			buildActionMask = 2147483647;
			files = (
				73B85C6D86B863D501919A38 /* Pods_Swifty_Proteins.framework in Frameworks */,
			);
			runOnlyForDeploymentPostprocessing = 0;
		};
/* End PBXFrameworksBuildPhase section */

/* Begin PBXGroup section */
		1AAF371E2601866DA2505876 /* Pods */ = {
			isa = PBXGroup;
			children = (
				86DFD71DAD506A258932AD9C /* Pods-Swifty-Proteins.debug.xcconfig */,
				3EBFA4755F55087B2B2A4340 /* Pods-Swifty-Proteins.release.xcconfig */,
			);
			name = Pods;
			sourceTree = "<group>";
		};
		3314D70F74351D3B92C25222 /* Frameworks */ = {
			isa = PBXGroup;
			children = (
				ADC0548B34D58467157B717D /* Pods_Swifty_Proteins.framework */,
			);
			name = Frameworks;
			sourceTree = "<group>";
		};
		C7BCE828218983E90058D67C = {
			isa = PBXGroup;
			children = (
				C7BCE833218983E90058D67C /* Swifty-Proteins */,
				C7BCE832218983E90058D67C /* Products */,
				1AAF371E2601866DA2505876 /* Pods */,
				3314D70F74351D3B92C25222 /* Frameworks */,
			);
			sourceTree = "<group>";
		};
		C7BCE832218983E90058D67C /* Products */ = {
			isa = PBXGroup;
			children = (
				C7BCE831218983E90058D67C /* Swifty-Proteins.app */,
			);
			name = Products;
			sourceTree = "<group>";
		};
		C7BCE833218983E90058D67C /* Swifty-Proteins */ = {
			isa = PBXGroup;
			children = (
				CDB3395D219193BA00EF7645 /* Controller */,
				CDB3395C2191939900EF7645 /* View */,
				CDB3395B2191939000EF7645 /* Model */,
				C7C922AC21903AB10064AFCC /* ligands.txt */,
				C7BCE83B218983EA0058D67C /* Assets.xcassets */,
				2337628A219320000066A007 /* protein.png */,
				C7BCE840218983EA0058D67C /* Info.plist */,
			);
			path = "Swifty-Proteins";
			sourceTree = "<group>";
		};
		CDB3395B2191939000EF7645 /* Model */ = {
			isa = PBXGroup;
			children = (
				C7C922A6219029F70064AFCC /* LigandList.swift */,
				C7052E2B218C86D600E4B0BB /* Colors.swift */,
				C7052E29218C4EEA00E4B0BB /* StubData.swift */,
				C76B3BBE218B0AA2002E43E0 /* Ligand.swift */,
				C76B3BBC218B0927002E43E0 /* Connect.swift */,
				C76B3BBA218AF6A2002E43E0 /* ProteinDataBankAPI.swift */,
				C70F4A8C2189D31800B1A586 /* Atom.swift */,
				CDB3395E2191A69300EF7645 /* AtomsNames.swift */,
			);
			path = Model;
			sourceTree = "<group>";
		};
		CDB3395C2191939900EF7645 /* View */ = {
			isa = PBXGroup;
			children = (
				C7BCE83D218983EA0058D67C /* LaunchScreen.storyboard */,
				C7BCE838218983E90058D67C /* Main.storyboard */,
			);
			path = View;
			sourceTree = "<group>";
		};
		CDB3395D219193BA00EF7645 /* Controller */ = {
			isa = PBXGroup;
			children = (
				C7BCE834218983E90058D67C /* AppDelegate.swift */,
				23B0CA20219060CD005B3843 /* LoginViewController.swift */,
				C7052E01218C3D8400E4B0BB /* SceneViewController.swift */,
				C7C922A2219028B00064AFCC /* ProteinTableViewController.swift */,
			);
			path = Controller;
			sourceTree = "<group>";
		};
/* End PBXGroup section */

/* Begin PBXNativeTarget section */
		C7BCE830218983E90058D67C /* Swifty-Proteins */ = {
			isa = PBXNativeTarget;
			buildConfigurationList = C7BCE843218983EA0058D67C /* Build configuration list for PBXNativeTarget "Swifty-Proteins" */;
			buildPhases = (
				61DD29CF0304E392450595C6 /* [CP] Check Pods Manifest.lock */,
				C7BCE82D218983E90058D67C /* Sources */,
				C7BCE82E218983E90058D67C /* Frameworks */,
				C7BCE82F218983E90058D67C /* Resources */,
				CF3142F832F1D03DD2FCFDCB /* [CP] Embed Pods Frameworks */,
			);
			buildRules = (
			);
			dependencies = (
			);
			name = "Swifty-Proteins";
			productName = "Swifty-Proteins";
			productReference = C7BCE831218983E90058D67C /* Swifty-Proteins.app */;
			productType = "com.apple.product-type.application";
		};
/* End PBXNativeTarget section */

/* Begin PBXProject section */
		C7BCE829218983E90058D67C /* Project object */ = {
			isa = PBXProject;
			attributes = {
				LastSwiftUpdateCheck = 0940;
				LastUpgradeCheck = 0940;
				ORGANIZATIONNAME = "Patrick RUSSELL";
				TargetAttributes = {
					C7BCE830218983E90058D67C = {
						CreatedOnToolsVersion = 9.4.1;
						LastSwiftMigration = 1000;
					};
				};
			};
			buildConfigurationList = C7BCE82C218983E90058D67C /* Build configuration list for PBXProject "Swifty-Proteins" */;
			compatibilityVersion = "Xcode 9.3";
			developmentRegion = en;
			hasScannedForEncodings = 0;
			knownRegions = (
				en,
				Base,
			);
			mainGroup = C7BCE828218983E90058D67C;
			productRefGroup = C7BCE832218983E90058D67C /* Products */;
			projectDirPath = "";
			projectRoot = "";
			targets = (
				C7BCE830218983E90058D67C /* Swifty-Proteins */,
			);
		};
/* End PBXProject section */

/* Begin PBXResourcesBuildPhase section */
		C7BCE82F218983E90058D67C /* Resources */ = {
			isa = PBXResourcesBuildPhase;
			buildActionMask = 2147483647;
			files = (
				C7BCE83F218983EA0058D67C /* LaunchScreen.storyboard in Resources */,
				C7BCE83C218983EA0058D67C /* Assets.xcassets in Resources */,
				C7BCE83A218983E90058D67C /* Main.storyboard in Resources */,
				C7C922AD21903AB10064AFCC /* ligands.txt in Resources */,
				2337628B219320000066A007 /* protein.png in Resources */,
			);
			runOnlyForDeploymentPostprocessing = 0;
		};
/* End PBXResourcesBuildPhase section */

/* Begin PBXShellScriptBuildPhase section */
		61DD29CF0304E392450595C6 /* [CP] Check Pods Manifest.lock */ = {
			isa = PBXShellScriptBuildPhase;
			buildActionMask = 2147483647;
			files = (
			);
			inputPaths = (
				"${PODS_PODFILE_DIR_PATH}/Podfile.lock",
				"${PODS_ROOT}/Manifest.lock",
			);
			name = "[CP] Check Pods Manifest.lock";
			outputPaths = (
				"$(DERIVED_FILE_DIR)/Pods-Swifty-Proteins-checkManifestLockResult.txt",
			);
			runOnlyForDeploymentPostprocessing = 0;
			shellPath = /bin/sh;
			shellScript = "diff \"${PODS_PODFILE_DIR_PATH}/Podfile.lock\" \"${PODS_ROOT}/Manifest.lock\" > /dev/null\nif [ $? != 0 ] ; then\n    # print error to STDERR\n    echo \"error: The sandbox is not in sync with the Podfile.lock. Run 'pod install' or update your CocoaPods installation.\" >&2\n    exit 1\nfi\n# This output is used by Xcode 'outputs' to avoid re-running this script phase.\necho \"SUCCESS\" > \"${SCRIPT_OUTPUT_FILE_0}\"\n";
			showEnvVarsInLog = 0;
		};
		CF3142F832F1D03DD2FCFDCB /* [CP] Embed Pods Frameworks */ = {
			isa = PBXShellScriptBuildPhase;
			buildActionMask = 2147483647;
			files = (
			);
			inputPaths = (
				"${SRCROOT}/Pods/Target Support Files/Pods-Swifty-Proteins/Pods-Swifty-Proteins-frameworks.sh",
				"${BUILT_PRODUCTS_DIR}/Alamofire/Alamofire.framework",
				"${BUILT_PRODUCTS_DIR}/SVProgressHUD/SVProgressHUD.framework",
				"${BUILT_PRODUCTS_DIR}/SwiftyJSON/SwiftyJSON.framework",
			);
			name = "[CP] Embed Pods Frameworks";
			outputPaths = (
				"${TARGET_BUILD_DIR}/${FRAMEWORKS_FOLDER_PATH}/Alamofire.framework",
				"${TARGET_BUILD_DIR}/${FRAMEWORKS_FOLDER_PATH}/SVProgressHUD.framework",
				"${TARGET_BUILD_DIR}/${FRAMEWORKS_FOLDER_PATH}/SwiftyJSON.framework",
			);
			runOnlyForDeploymentPostprocessing = 0;
			shellPath = /bin/sh;
			shellScript = "\"${SRCROOT}/Pods/Target Support Files/Pods-Swifty-Proteins/Pods-Swifty-Proteins-frameworks.sh\"\n";
			showEnvVarsInLog = 0;
		};
/* End PBXShellScriptBuildPhase section */

/* Begin PBXSourcesBuildPhase section */
		C7BCE82D218983E90058D67C /* Sources */ = {
			isa = PBXSourcesBuildPhase;
			buildActionMask = 2147483647;
			files = (
				CDB3395F2191A69300EF7645 /* AtomsNames.swift in Sources */,
				C76B3BBF218B0AA2002E43E0 /* Ligand.swift in Sources */,
				C7C922A7219029F70064AFCC /* LigandList.swift in Sources */,
				C7052E2C218C86D600E4B0BB /* Colors.swift in Sources */,
				C7052E2A218C4EEA00E4B0BB /* StubData.swift in Sources */,
				C76B3BBB218AF6A2002E43E0 /* ProteinDataBankAPI.swift in Sources */,
				C76B3BBD218B0927002E43E0 /* Connect.swift in Sources */,
				C7C922A3219028B00064AFCC /* ProteinTableViewController.swift in Sources */,
				C70F4A8D2189D31800B1A586 /* Atom.swift in Sources */,
				C7BCE835218983E90058D67C /* AppDelegate.swift in Sources */,
				C7052E02218C3D8400E4B0BB /* SceneViewController.swift in Sources */,
				23B0CA21219060CD005B3843 /* LoginViewController.swift in Sources */,
			);
			runOnlyForDeploymentPostprocessing = 0;
		};
/* End PBXSourcesBuildPhase section */

/* Begin PBXVariantGroup section */
		C7BCE838218983E90058D67C /* Main.storyboard */ = {
			isa = PBXVariantGroup;
			children = (
				C7BCE839218983E90058D67C /* Base */,
			);
			name = Main.storyboard;
			sourceTree = "<group>";
		};
		C7BCE83D218983EA0058D67C /* LaunchScreen.storyboard */ = {
			isa = PBXVariantGroup;
			children = (
				C7BCE83E218983EA0058D67C /* Base */,
			);
			name = LaunchScreen.storyboard;
			sourceTree = "<group>";
		};
/* End PBXVariantGroup section */

/* Begin XCBuildConfiguration section */
		C7BCE841218983EA0058D67C /* Debug */ = {
			isa = XCBuildConfiguration;
			buildSettings = {
				ALWAYS_SEARCH_USER_PATHS = NO;
				CLANG_ANALYZER_NONNULL = YES;
				CLANG_ANALYZER_NUMBER_OBJECT_CONVERSION = YES_AGGRESSIVE;
				CLANG_CXX_LANGUAGE_STANDARD = "gnu++14";
				CLANG_CXX_LIBRARY = "libc++";
				CLANG_ENABLE_MODULES = YES;
				CLANG_ENABLE_OBJC_ARC = YES;
				CLANG_ENABLE_OBJC_WEAK = YES;
				CLANG_WARN_BLOCK_CAPTURE_AUTORELEASING = YES;
				CLANG_WARN_BOOL_CONVERSION = YES;
				CLANG_WARN_COMMA = YES;
				CLANG_WARN_CONSTANT_CONVERSION = YES;
				CLANG_WARN_DEPRECATED_OBJC_IMPLEMENTATIONS = YES;
				CLANG_WARN_DIRECT_OBJC_ISA_USAGE = YES_ERROR;
				CLANG_WARN_DOCUMENTATION_COMMENTS = YES;
				CLANG_WARN_EMPTY_BODY = YES;
				CLANG_WARN_ENUM_CONVERSION = YES;
				CLANG_WARN_INFINITE_RECURSION = YES;
				CLANG_WARN_INT_CONVERSION = YES;
				CLANG_WARN_NON_LITERAL_NULL_CONVERSION = YES;
				CLANG_WARN_OBJC_IMPLICIT_RETAIN_SELF = YES;
				CLANG_WARN_OBJC_LITERAL_CONVERSION = YES;
				CLANG_WARN_OBJC_ROOT_CLASS = YES_ERROR;
				CLANG_WARN_RANGE_LOOP_ANALYSIS = YES;
				CLANG_WARN_STRICT_PROTOTYPES = YES;
				CLANG_WARN_SUSPICIOUS_MOVE = YES;
				CLANG_WARN_UNGUARDED_AVAILABILITY = YES_AGGRESSIVE;
				CLANG_WARN_UNREACHABLE_CODE = YES;
				CLANG_WARN__DUPLICATE_METHOD_MATCH = YES;
				CODE_SIGN_IDENTITY = "iPhone Developer";
				COPY_PHASE_STRIP = NO;
				DEBUG_INFORMATION_FORMAT = dwarf;
				ENABLE_STRICT_OBJC_MSGSEND = YES;
				ENABLE_TESTABILITY = YES;
				GCC_C_LANGUAGE_STANDARD = gnu11;
				GCC_DYNAMIC_NO_PIC = NO;
				GCC_NO_COMMON_BLOCKS = YES;
				GCC_OPTIMIZATION_LEVEL = 0;
				GCC_PREPROCESSOR_DEFINITIONS = (
					"DEBUG=1",
					"$(inherited)",
				);
				GCC_WARN_64_TO_32_BIT_CONVERSION = YES;
				GCC_WARN_ABOUT_RETURN_TYPE = YES_ERROR;
				GCC_WARN_UNDECLARED_SELECTOR = YES;
				GCC_WARN_UNINITIALIZED_AUTOS = YES_AGGRESSIVE;
				GCC_WARN_UNUSED_FUNCTION = YES;
				GCC_WARN_UNUSED_VARIABLE = YES;
				IPHONEOS_DEPLOYMENT_TARGET = 11.4;
				MTL_ENABLE_DEBUG_INFO = YES;
				ONLY_ACTIVE_ARCH = YES;
				SDKROOT = iphoneos;
				SWIFT_ACTIVE_COMPILATION_CONDITIONS = DEBUG;
				SWIFT_OPTIMIZATION_LEVEL = "-Onone";
			};
			name = Debug;
		};
		C7BCE842218983EA0058D67C /* Release */ = {
			isa = XCBuildConfiguration;
			buildSettings = {
				ALWAYS_SEARCH_USER_PATHS = NO;
				CLANG_ANALYZER_NONNULL = YES;
				CLANG_ANALYZER_NUMBER_OBJECT_CONVERSION = YES_AGGRESSIVE;
				CLANG_CXX_LANGUAGE_STANDARD = "gnu++14";
				CLANG_CXX_LIBRARY = "libc++";
				CLANG_ENABLE_MODULES = YES;
				CLANG_ENABLE_OBJC_ARC = YES;
				CLANG_ENABLE_OBJC_WEAK = YES;
				CLANG_WARN_BLOCK_CAPTURE_AUTORELEASING = YES;
				CLANG_WARN_BOOL_CONVERSION = YES;
				CLANG_WARN_COMMA = YES;
				CLANG_WARN_CONSTANT_CONVERSION = YES;
				CLANG_WARN_DEPRECATED_OBJC_IMPLEMENTATIONS = YES;
				CLANG_WARN_DIRECT_OBJC_ISA_USAGE = YES_ERROR;
				CLANG_WARN_DOCUMENTATION_COMMENTS = YES;
				CLANG_WARN_EMPTY_BODY = YES;
				CLANG_WARN_ENUM_CONVERSION = YES;
				CLANG_WARN_INFINITE_RECURSION = YES;
				CLANG_WARN_INT_CONVERSION = YES;
				CLANG_WARN_NON_LITERAL_NULL_CONVERSION = YES;
				CLANG_WARN_OBJC_IMPLICIT_RETAIN_SELF = YES;
				CLANG_WARN_OBJC_LITERAL_CONVERSION = YES;
				CLANG_WARN_OBJC_ROOT_CLASS = YES_ERROR;
				CLANG_WARN_RANGE_LOOP_ANALYSIS = YES;
				CLANG_WARN_STRICT_PROTOTYPES = YES;
				CLANG_WARN_SUSPICIOUS_MOVE = YES;
				CLANG_WARN_UNGUARDED_AVAILABILITY = YES_AGGRESSIVE;
				CLANG_WARN_UNREACHABLE_CODE = YES;
				CLANG_WARN__DUPLICATE_METHOD_MATCH = YES;
				CODE_SIGN_IDENTITY = "iPhone Developer";
				COPY_PHASE_STRIP = NO;
				DEBUG_INFORMATION_FORMAT = "dwarf-with-dsym";
				ENABLE_NS_ASSERTIONS = NO;
				ENABLE_STRICT_OBJC_MSGSEND = YES;
				GCC_C_LANGUAGE_STANDARD = gnu11;
				GCC_NO_COMMON_BLOCKS = YES;
				GCC_WARN_64_TO_32_BIT_CONVERSION = YES;
				GCC_WARN_ABOUT_RETURN_TYPE = YES_ERROR;
				GCC_WARN_UNDECLARED_SELECTOR = YES;
				GCC_WARN_UNINITIALIZED_AUTOS = YES_AGGRESSIVE;
				GCC_WARN_UNUSED_FUNCTION = YES;
				GCC_WARN_UNUSED_VARIABLE = YES;
				IPHONEOS_DEPLOYMENT_TARGET = 11.4;
				MTL_ENABLE_DEBUG_INFO = NO;
				SDKROOT = iphoneos;
				SWIFT_COMPILATION_MODE = wholemodule;
				SWIFT_OPTIMIZATION_LEVEL = "-O";
				VALIDATE_PRODUCT = YES;
			};
			name = Release;
		};
		C7BCE844218983EA0058D67C /* Debug */ = {
			isa = XCBuildConfiguration;
			baseConfigurationReference = 86DFD71DAD506A258932AD9C /* Pods-Swifty-Proteins.debug.xcconfig */;
			buildSettings = {
				ASSETCATALOG_COMPILER_APPICON_NAME = AppIcon;
				CODE_SIGN_STYLE = Automatic;
				DEVELOPMENT_TEAM = SwiftyMadness;
				INFOPLIST_FILE = "Swifty-Proteins/Info.plist";
				LD_RUNPATH_SEARCH_PATHS = (
					"$(inherited)",
					"@executable_path/Frameworks",
				);
				PRODUCT_BUNDLE_IDENTIFIER = "wethinkcode.Swifty-Proteins";
				PRODUCT_NAME = "$(TARGET_NAME)";
				SWIFT_VERSION = 4.2;
				TARGETED_DEVICE_FAMILY = "1,2";
			};
			name = Debug;
		};
		C7BCE845218983EA0058D67C /* Release */ = {
			isa = XCBuildConfiguration;
			baseConfigurationReference = 3EBFA4755F55087B2B2A4340 /* Pods-Swifty-Proteins.release.xcconfig */;
			buildSettings = {
				ASSETCATALOG_COMPILER_APPICON_NAME = AppIcon;
				CODE_SIGN_STYLE = Automatic;
				DEVELOPMENT_TEAM = SwiftyMadness;
				INFOPLIST_FILE = "Swifty-Proteins/Info.plist";
				LD_RUNPATH_SEARCH_PATHS = (
					"$(inherited)",
					"@executable_path/Frameworks",
				);
				PRODUCT_BUNDLE_IDENTIFIER = "wethinkcode.Swifty-Proteins";
				PRODUCT_NAME = "$(TARGET_NAME)";
				SWIFT_VERSION = 4.2;
				TARGETED_DEVICE_FAMILY = "1,2";
			};
			name = Release;
		};
/* End XCBuildConfiguration section */

/* Begin XCConfigurationList section */
		C7BCE82C218983E90058D67C /* Build configuration list for PBXProject "Swifty-Proteins" */ = {
			isa = XCConfigurationList;
			buildConfigurations = (
				C7BCE841218983EA0058D67C /* Debug */,
				C7BCE842218983EA0058D67C /* Release */,
			);
			defaultConfigurationIsVisible = 0;
			defaultConfigurationName = Release;
		};
		C7BCE843218983EA0058D67C /* Build configuration list for PBXNativeTarget "Swifty-Proteins" */ = {
			isa = XCConfigurationList;
			buildConfigurations = (
				C7BCE844218983EA0058D67C /* Debug */,
				C7BCE845218983EA0058D67C /* Release */,
			);
			defaultConfigurationIsVisible = 0;
			defaultConfigurationName = Release;
		};
/* End XCConfigurationList section */
	};
	rootObject = C7BCE829218983E90058D67C /* Project object */;
}
